Microsoft Visual Studio Solution File, Format Version 12.00
# Visual Studio Version 17
VisualStudioVersion = 17.5.2.0
MinimumVisualStudioVersion = 10.0.40219.1
Project("{FAE04EC0-301F-11D3-BF4B-00C04F79EFBC}") = "ClientsPedidosAPI", "ClientsPedidosAPI.csproj", "{2D48D6F0-BBDF-82DD-DA73-8617DBE7D65F}"
EndProject
Global
	GlobalSection(SolutionConfigurationPlatforms) = preSolution
		Debug|Any CPU = Debug|Any CPU
		Release|Any CPU = Release|Any CPU
	EndGlobalSection
	GlobalSection(ProjectConfigurationPlatforms) = postSolution
		{2D48D6F0-BBDF-82DD-DA73-8617DBE7D65F}.Debug|Any CPU.ActiveCfg = Debug|Any CPU
		{2D48D6F0-BBDF-82DD-DA73-8617DBE7D65F}.Debug|Any CPU.Build.0 = Debug|Any CPU
		{2D48D6F0-BBDF-82DD-DA73-8617DBE7D65F}.Release|Any CPU.ActiveCfg = Release|Any CPU
		{2D48D6F0-BBDF-82DD-DA73-8617DBE7D65F}.Release|Any CPU.Build.0 = Release|Any CPU
	EndGlobalSection
	GlobalSection(SolutionProperties) = preSolution
		HideSolutionNode = FALSE
	EndGlobalSection
	GlobalSection(ExtensibilityGlobals) = postSolution
		SolutionGuid = {04C395BA-3C16-420E-9356-4E9173660614}
	EndGlobalSection
EndGlobal
